
Microsoft Visual Studio Solution File, Format Version 12.00
# Visual Studio Version 17
VisualStudioVersion = 17.7.34024.191
MinimumVisualStudioVersion = 10.0.40219.1
Project("{FAE04EC0-301F-11D3-BF4B-00C04F79EFBC}") = "ProductMicroserviseProject", "ProductMicroserviseProject.csproj", "{037F2DF3-81F9-4835-ADE0-D6D1085983AF}"
EndProject
Global
	GlobalSection(SolutionConfigurationPlatforms) = preSolution
		Debug|Any CPU = Debug|Any CPU
		Release|Any CPU = Release|Any CPU
	EndGlobalSection
	GlobalSection(ProjectConfigurationPlatforms) = postSolution
		{037F2DF3-81F9-4835-ADE0-D6D1085983AF}.Debug|Any CPU.ActiveCfg = Debug|Any CPU
		{037F2DF3-81F9-4835-ADE0-D6D1085983AF}.Debug|Any CPU.Build.0 = Debug|Any CPU
		{037F2DF3-81F9-4835-ADE0-D6D1085983AF}.Release|Any CPU.ActiveCfg = Release|Any CPU
		{037F2DF3-81F9-4835-ADE0-D6D1085983AF}.Release|Any CPU.Build.0 = Release|Any CPU
	EndGlobalSection
	GlobalSection(SolutionProperties) = preSolution
		HideSolutionNode = FALSE
	EndGlobalSection
	GlobalSection(ExtensibilityGlobals) = postSolution
		SolutionGuid = {8EF3ACFB-A4FD-45C0-9B83-3BDF2BAACE94}
	EndGlobalSection
EndGlobal
